PODS:
  - ReachabilitySwift (5.0.0)
  - SDWebImage (5.5.2):
    - SDWebImage/Core (= 5.5.2)
  - SDWebImage/Core (5.5.2)
  - SkeletonView (1.8.6)

DEPENDENCIES:
  - ReachabilitySwift
  - SDWebImage (~> 5.0)
  - SkeletonView

SPEC REPOS:
  https://github.com/cocoapods/specs.git:
    - ReachabilitySwift
    - SDWebImage
    - SkeletonView

SPEC CHECKSUMS:
  ReachabilitySwift: 985039c6f7b23a1da463388634119492ff86c825
  SDWebImage: 4d5c027c935438f341ed33dbac53ff9f479922ca
  SkeletonView: 0bf463145522c0c551b76a829b397e2a15a16d46

PODFILE CHECKSUM: 52e9390c93365a2687f7a1a0beab27d84ee8abf7

COCOAPODS: 1.7.5
